
Microsoft Visual Studio Solution File, Format Version 12.00
# Visual Studio 2015
Project("{FAE04EC0-301F-11D3-BF4B-00C04F79EFBC}") = "ColdSearchRepo.CSharp", "ColdSearchRepo.CSharp.csproj", "{CEDCC626-89CE-6415-DE93-C64EB46B531A}"
EndProject
Global
	GlobalSection(SolutionConfigurationPlatforms) = preSolution
		Debug|Any CPU = Debug|Any CPU
		Release|Any CPU = Release|Any CPU
	EndGlobalSection
	GlobalSection(ProjectConfigurationPlatforms) = postSolution
		{CEDCC626-89CE-6415-DE93-C64EB46B531A}.Debug|Any CPU.ActiveCfg = Debug|Any CPU
		{CEDCC626-89CE-6415-DE93-C64EB46B531A}.Debug|Any CPU.Build.0 = Debug|Any CPU
		{CEDCC626-89CE-6415-DE93-C64EB46B531A}.Release|Any CPU.ActiveCfg = Release|Any CPU
		{CEDCC626-89CE-6415-DE93-C64EB46B531A}.Release|Any CPU.Build.0 = Release|Any CPU
	EndGlobalSection
	GlobalSection(SolutionProperties) = preSolution
		HideSolutionNode = FALSE
	EndGlobalSection
EndGlobal
